<?xml version="1.0" encoding="utf-8"?>
<Project ToolsVersion="4.0" xmlns="http://schemas.microsoft.com/developer/msbuild/2003">
  <ItemGroup>
    <Filter Include="源文件">
      <UniqueIdentifier>{4FC737F1-C7A5-4376-A066-2A32D752A2FF}</UniqueIdentifier>
      <Extensions>cpp;c;cc;cxx;def;odl;idl;hpj;bat;asm;asmx</Extensions>
    </Filter>
    <Filter Include="头文件">
      <UniqueIdentifier>{93995380-89BD-4b04-88EB-625FBE52EBFB}</UniqueIdentifier>
      <Extensions>h;hpp;hxx;hm;inl;inc;xsd</Extensions>
    </Filter>
    <Filter Include="资源文件">
      <UniqueIdentifier>{67DA6AB6-F800-4c08-8B7A-83BB121AAD01}</UniqueIdentifier>
      <Extensions>rc;ico;cur;bmp;dlg;rc2;rct;bin;rgs;gif;jpg;jpeg;jpe;resx;tiff;tif;png;wav;mfcribbon-ms</Extensions>
    </Filter>
  </ItemGroup>
  <ItemGroup>
    <Manifest Include="Manifest.manifest" />
  </ItemGroup>
  <ItemGroup>
    <ClInclude Include="Startup\StartupSupport.h">
      <Filter>头文件</Filter>
    </ClInclude>
    <ClInclude Include="Helper\Helper.h">
      <Filter>头文件</Filter>
    </ClInclude>
    <ClInclude Include="Resource\ResourceID.h">
      <Filter>头文件</Filter>
    </ClInclude>
    <ClInclude Include="Resource\Resources.h">
      <Filter>头文件</Filter>
    </ClInclude>
    <ClInclude Include="Main\Game.h">
      <Filter>头文件</Filter>
    </ClInclude>
  </ItemGroup>
  <ItemGroup>
    <ClCompile Include="Startup\Startup.c">
      <Filter>源文件</Filter>
    </ClCompile>
    <ClCompile Include="Startup\StartupSupport.c">
      <Filter>源文件</Filter>
    </ClCompile>
    <ClCompile Include="Helper\AudioHelper.cpp">
      <Filter>源文件</Filter>
    </ClCompile>
    <ClCompile Include="Helper\HelperSupport.cpp">
      <Filter>源文件</Filter>
    </ClCompile>
    <ClCompile Include="Helper\MathHelper.cpp">
      <Filter>源文件</Filter>
    </ClCompile>
    <ClCompile Include="Helper\MemoryHelper.cpp">
      <Filter>源文件</Filter>
    </ClCompile>
    <ClCompile Include="Helper\StringHelper.cpp">
      <Filter>源文件</Filter>
    </ClCompile>
    <ClCompile Include="Helper\WindowHelper.cpp">
      <Filter>源文件</Filter>
    </ClCompile>
    <ClCompile Include="Main\Main.cpp">
      <Filter>源文件</Filter>
    </ClCompile>
    <ClCompile Include="Resource\Decompress.cpp">
      <Filter>源文件</Filter>
    </ClCompile>
    <ClCompile Include="Resource\Vocabulary.cpp">
      <Filter>源文件</Filter>
    </ClCompile>
    <ClCompile Include="Main\GameMain.cpp">
      <Filter>源文件</Filter>
    </ClCompile>
    <ClCompile Include="Main\Gameplay.cpp">
      <Filter>源文件</Filter>
    </ClCompile>
  </ItemGroup>
  <ItemGroup>
    <ResourceCompile Include="Resource\Resources.rc">
      <Filter>资源文件</Filter>
    </ResourceCompile>
  </ItemGroup>
  <ItemGroup>
    <None Include="Resource\Images.dat">
      <Filter>资源文件</Filter>
    </None>
    <None Include="Resource\Dialogs.dat">
      <Filter>资源文件</Filter>
    </None>
    <None Include="Resource\HuffmanTree.dat">
      <Filter>资源文件</Filter>
    </None>
    <None Include="Resource\Scores.dat">
      <Filter>资源文件</Filter>
    </None>
    <None Include="Resource\Strings.dat">
      <Filter>资源文件</Filter>
    </None>
  </ItemGroup>
</Project>